
Microsoft Visual Studio Solution File, Format Version 12.00
# Visual Studio Version 17
VisualStudioVersion = 17.9.34723.18
MinimumVisualStudioVersion = 10.0.40219.1
Project("{FAE04EC0-301F-11D3-BF4B-00C04F79EFBC}") = "Publisher", "Publisher\Publisher.csproj", "{B7642F9E-64BD-4AE8-BDBE-DB7CDB2C389A}"
EndProject
Project("{FAE04EC0-301F-11D3-BF4B-00C04F79EFBC}") = "Consumer", "Consumer\Consumer.csproj", "{4454EBA7-9D81-407F-8C44-515EC6B3100D}"
EndProject
Global
	GlobalSection(SolutionConfigurationPlatforms) = preSolution
		Debug|Any CPU = Debug|Any CPU
		Release|Any CPU = Release|Any CPU
	EndGlobalSection
	GlobalSection(ProjectConfigurationPlatforms) = postSolution
		{B7642F9E-64BD-4AE8-BDBE-DB7CDB2C389A}.Debug|Any CPU.ActiveCfg = Debug|Any CPU
		{B7642F9E-64BD-4AE8-BDBE-DB7CDB2C389A}.Debug|Any CPU.Build.0 = Debug|Any CPU
		{B7642F9E-64BD-4AE8-BDBE-DB7CDB2C389A}.Release|Any CPU.ActiveCfg = Release|Any CPU
		{B7642F9E-64BD-4AE8-BDBE-DB7CDB2C389A}.Release|Any CPU.Build.0 = Release|Any CPU
		{4454EBA7-9D81-407F-8C44-515EC6B3100D}.Debug|Any CPU.ActiveCfg = Debug|Any CPU
		{4454EBA7-9D81-407F-8C44-515EC6B3100D}.Debug|Any CPU.Build.0 = Debug|Any CPU
		{4454EBA7-9D81-407F-8C44-515EC6B3100D}.Release|Any CPU.ActiveCfg = Release|Any CPU
		{4454EBA7-9D81-407F-8C44-515EC6B3100D}.Release|Any CPU.Build.0 = Release|Any CPU
	EndGlobalSection
	GlobalSection(SolutionProperties) = preSolution
		HideSolutionNode = FALSE
	EndGlobalSection
	GlobalSection(ExtensibilityGlobals) = postSolution
		SolutionGuid = {751B3EB0-B80B-4DE4-BF80-F6F99F2C755A}
	EndGlobalSection
EndGlobal
